// !$*UTF8*$!
{
	archiveVersion = 1;
	classes = {
	};
	objectVersion = 46;
	objects = {

/* Begin PBXBuildFile section */
		CB8AACDC198731AA00327D3B /* Foundation.framework in Frameworks */ = {isa = PBXBuildFile; fileRef = CB8AACDB198731AA00327D3B /* Foundation.framework */; };
		CB8AACDE198731AA00327D3B /* CoreGraphics.framework in Frameworks */ = {isa = PBXBuildFile; fileRef = CB8AACDD198731AA00327D3B /* CoreGraphics.framework */; };
		CB8AACE0198731AA00327D3B /* UIKit.framework in Frameworks */ = {isa = PBXBuildFile; fileRef = CB8AACDF198731AA00327D3B /* UIKit.framework */; };
		CB8AACE6198731AA00327D3B /* InfoPlist.strings in Resources */ = {isa = PBXBuildFile; fileRef = CB8AACE4198731AA00327D3B /* InfoPlist.strings */; };
		CB8AACE8198731AA00327D3B /* main.m in Sources */ = {isa = PBXBuildFile; fileRef = CB8AACE7198731AA00327D3B /* main.m */; };
		CB8AACEC198731AA00327D3B /* AppDelegate.m in Sources */ = {isa = PBXBuildFile; fileRef = CB8AACEB198731AA00327D3B /* AppDelegate.m */; };
		CB8AACEE198731AA00327D3B /* Images.xcassets in Resources */ = {isa = PBXBuildFile; fileRef = CB8AACED198731AA00327D3B /* Images.xcassets */; };
		CB8AACF5198731AA00327D3B /* XCTest.framework in Frameworks */ = {isa = PBXBuildFile; fileRef = CB8AACF4198731AA00327D3B /* XCTest.framework */; };
		CB8AACF6198731AA00327D3B /* Foundation.framework in Frameworks */ = {isa = PBXBuildFile; fileRef = CB8AACDB198731AA00327D3B /* Foundation.framework */; };
		CB8AACF7198731AA00327D3B /* UIKit.framework in Frameworks */ = {isa = PBXBuildFile; fileRef = CB8AACDF198731AA00327D3B /* UIKit.framework */; };
		CB8AACFF198731AA00327D3B /* InfoPlist.strings in Resources */ = {isa = PBXBuildFile; fileRef = CB8AACFD198731AA00327D3B /* InfoPlist.strings */; };
		CB8AAD01198731AA00327D3B /* UIscrollView_demoTests.m in Sources */ = {isa = PBXBuildFile; fileRef = CB8AAD00198731AA00327D3B /* UIscrollView_demoTests.m */; };
		CB8AAD0C198731D100327D3B /* RootViewController.m in Sources */ = {isa = PBXBuildFile; fileRef = CB8AAD0B198731D100327D3B /* RootViewController.m */; };
		CB8AAD0E1987327700327D3B /* QuartzCore.framework in Frameworks */ = {isa = PBXBuildFile; fileRef = CB8AAD0D1987327700327D3B /* QuartzCore.framework */; };
		CB8AAD111987329300327D3B /* iCarousel.m in Sources */ = {isa = PBXBuildFile; fileRef = CB8AAD101987329300327D3B /* iCarousel.m */; settings = {COMPILER_FLAGS = "-fno-objc-arc"; }; };
		CB8AAD1D198732FE00327D3B /* 0.jpg in Resources */ = {isa = PBXBuildFile; fileRef = CB8AAD13198732FE00327D3B /* 0.jpg */; };
		CB8AAD1E198732FE00327D3B /* 1.jpg in Resources */ = {isa = PBXBuildFile; fileRef = CB8AAD14198732FE00327D3B /* 1.jpg */; };
		CB8AAD1F198732FE00327D3B /* 2.jpg in Resources */ = {isa = PBXBuildFile; fileRef = CB8AAD15198732FE00327D3B /* 2.jpg */; };
		CB8AAD20198732FE00327D3B /* 3.jpg in Resources */ = {isa = PBXBuildFile; fileRef = CB8AAD16198732FE00327D3B /* 3.jpg */; };
		CB8AAD21198732FE00327D3B /* 4.jpg in Resources */ = {isa = PBXBuildFile; fileRef = CB8AAD17198732FE00327D3B /* 4.jpg */; };
		CB8AAD22198732FE00327D3B /* 5.jpg in Resources */ = {isa = PBXBuildFile; fileRef = CB8AAD18198732FE00327D3B /* 5.jpg */; };
		CB8AAD23198732FE00327D3B /* 6.jpg in Resources */ = {isa = PBXBuildFile; fileRef = CB8AAD19198732FE00327D3B /* 6.jpg */; };
		CB8AAD24198732FE00327D3B /* 7.jpg in Resources */ = {isa = PBXBuildFile; fileRef = CB8AAD1A198732FE00327D3B /* 7.jpg */; };
		CB8AAD25198732FE00327D3B /* 8.jpg in Resources */ = {isa = PBXBuildFile; fileRef = CB8AAD1B198732FE00327D3B /* 8.jpg */; };
		CB8AAD26198732FE00327D3B /* 9.jpg in Resources */ = {isa = PBXBuildFile; fileRef = CB8AAD1C198732FE00327D3B /* 9.jpg */; };
/* End PBXBuildFile section */

/* Begin PBXContainerItemProxy section */
		CB8AACF8198731AA00327D3B /* PBXContainerItemProxy */ = {
			isa = PBXContainerItemProxy;
			containerPortal = CB8AACD0198731AA00327D3B /* Project object */;
			proxyType = 1;
			remoteGlobalIDString = CB8AACD7198731AA00327D3B;
			remoteInfo = "UIscrollView-demo";
		};
/* End PBXContainerItemProxy section */

/* Begin PBXFileReference section */
		CB8AACD8198731AA00327D3B /* UIscrollView-demo.app */ = {isa = PBXFileReference; explicitFileType = wrapper.application; includeInIndex = 0; path = "UIscrollView-demo.app"; sourceTree = BUILT_PRODUCTS_DIR; };
		CB8AACDB198731AA00327D3B /* Foundation.framework */ = {isa = PBXFileReference; lastKnownFileType = wrapper.framework; name = Foundation.framework; path = System/Library/Frameworks/Foundation.framework; sourceTree = SDKROOT; };
		CB8AACDD198731AA00327D3B /* CoreGraphics.framework */ = {isa = PBXFileReference; lastKnownFileType = wrapper.framework; name = CoreGraphics.framework; path = System/Library/Frameworks/CoreGraphics.framework; sourceTree = SDKROOT; };
		CB8AACDF198731AA00327D3B /* UIKit.framework */ = {isa = PBXFileReference; lastKnownFileType = wrapper.framework; name = UIKit.framework; path = System/Library/Frameworks/UIKit.framework; sourceTree = SDKROOT; };
		CB8AACE3198731AA00327D3B /* UIscrollView-demo-Info.plist */ = {isa = PBXFileReference; lastKnownFileType = text.plist.xml; path = "UIscrollView-demo-Info.plist"; sourceTree = "<group>"; };
		CB8AACE5198731AA00327D3B /* en */ = {isa = PBXFileReference; lastKnownFileType = text.plist.strings; name = en; path = en.lproj/InfoPlist.strings; sourceTree = "<group>"; };
		CB8AACE7198731AA00327D3B /* main.m */ = {isa = PBXFileReference; lastKnownFileType = sourcecode.c.objc; path = main.m; sourceTree = "<group>"; };
		CB8AACE9198731AA00327D3B /* UIscrollView-demo-Prefix.pch */ = {isa = PBXFileReference; lastKnownFileType = sourcecode.c.h; path = "UIscrollView-demo-Prefix.pch"; sourceTree = "<group>"; };
		CB8AACEA198731AA00327D3B /* AppDelegate.h */ = {isa = PBXFileReference; lastKnownFileType = sourcecode.c.h; path = AppDelegate.h; sourceTree = "<group>"; };
		CB8AACEB198731AA00327D3B /* AppDelegate.m */ = {isa = PBXFileReference; lastKnownFileType = sourcecode.c.objc; path = AppDelegate.m; sourceTree = "<group>"; };
		CB8AACED198731AA00327D3B /* Images.xcassets */ = {isa = PBXFileReference; lastKnownFileType = folder.assetcatalog; path = Images.xcassets; sourceTree = "<group>"; };
		CB8AACF3198731AA00327D3B /* UIscrollView-demoTests.xctest */ = {isa = PBXFileReference; explicitFileType = wrapper.cfbundle; includeInIndex = 0; path = "UIscrollView-demoTests.xctest"; sourceTree = BUILT_PRODUCTS_DIR; };
		CB8AACF4198731AA00327D3B /* XCTest.framework */ = {isa = PBXFileReference; lastKnownFileType = wrapper.framework; name = XCTest.framework; path = Library/Frameworks/XCTest.framework; sourceTree = DEVELOPER_DIR; };
		CB8AACFC198731AA00327D3B /* UIscrollView-demoTests-Info.plist */ = {isa = PBXFileReference; lastKnownFileType = text.plist.xml; path = "UIscrollView-demoTests-Info.plist"; sourceTree = "<group>"; };
		CB8AACFE198731AA00327D3B /* en */ = {isa = PBXFileReference; lastKnownFileType = text.plist.strings; name = en; path = en.lproj/InfoPlist.strings; sourceTree = "<group>"; };
		CB8AAD00198731AA00327D3B /* UIscrollView_demoTests.m */ = {isa = PBXFileReference; lastKnownFileType = sourcecode.c.objc; path = UIscrollView_demoTests.m; sourceTree = "<group>"; };
		CB8AAD0A198731D100327D3B /* RootViewController.h */ = {isa = PBXFileReference; fileEncoding = 4; lastKnownFileType = sourcecode.c.h; path = RootViewController.h; sourceTree = "<group>"; };
		CB8AAD0B198731D100327D3B /* RootViewController.m */ = {isa = PBXFileReference; fileEncoding = 4; lastKnownFileType = sourcecode.c.objc; path = RootViewController.m; sourceTree = "<group>"; };
		CB8AAD0D1987327700327D3B /* QuartzCore.framework */ = {isa = PBXFileReference; lastKnownFileType = wrapper.framework; name = QuartzCore.framework; path = System/Library/Frameworks/QuartzCore.framework; sourceTree = SDKROOT; };
		CB8AAD0F1987329300327D3B /* iCarousel.h */ = {isa = PBXFileReference; fileEncoding = 4; lastKnownFileType = sourcecode.c.h; path = iCarousel.h; sourceTree = "<group>"; };
		CB8AAD101987329300327D3B /* iCarousel.m */ = {isa = PBXFileReference; fileEncoding = 4; lastKnownFileType = sourcecode.c.objc; path = iCarousel.m; sourceTree = "<group>"; };
		CB8AAD13198732FE00327D3B /* 0.jpg */ = {isa = PBXFileReference; lastKnownFileType = image.jpeg; path = 0.jpg; sourceTree = "<group>"; };
		CB8AAD14198732FE00327D3B /* 1.jpg */ = {isa = PBXFileReference; lastKnownFileType = image.jpeg; path = 1.jpg; sourceTree = "<group>"; };
		CB8AAD15198732FE00327D3B /* 2.jpg */ = {isa = PBXFileReference; lastKnownFileType = image.jpeg; path = 2.jpg; sourceTree = "<group>"; };
		CB8AAD16198732FE00327D3B /* 3.jpg */ = {isa = PBXFileReference; lastKnownFileType = image.jpeg; path = 3.jpg; sourceTree = "<group>"; };
		CB8AAD17198732FE00327D3B /* 4.jpg */ = {isa = PBXFileReference; lastKnownFileType = image.jpeg; path = 4.jpg; sourceTree = "<group>"; };
		CB8AAD18198732FE00327D3B /* 5.jpg */ = {isa = PBXFileReference; lastKnownFileType = image.jpeg; path = 5.jpg; sourceTree = "<group>"; };
		CB8AAD19198732FE00327D3B /* 6.jpg */ = {isa = PBXFileReference; lastKnownFileType = image.jpeg; path = 6.jpg; sourceTree = "<group>"; };
		CB8AAD1A198732FE00327D3B /* 7.jpg */ = {isa = PBXFileReference; lastKnownFileType = image.jpeg; path = 7.jpg; sourceTree = "<group>"; };
		CB8AAD1B198732FE00327D3B /* 8.jpg */ = {isa = PBXFileReference; lastKnownFileType = image.jpeg; path = 8.jpg; sourceTree = "<group>"; };
		CB8AAD1C198732FE00327D3B /* 9.jpg */ = {isa = PBXFileReference; lastKnownFileType = image.jpeg; path = 9.jpg; sourceTree = "<group>"; };
/* End PBXFileReference section */

/* Begin PBXFrameworksBuildPhase section */
		CB8AACD5198731AA00327D3B /* Frameworks */ = {
			isa = PBXFrameworksBuildPhase;
			buildActionMask = 2147483647;
			files = (
				CB8AAD0E1987327700327D3B /* QuartzCore.framework in Frameworks */,
				CB8AACDE198731AA00327D3B /* CoreGraphics.framework in Frameworks */,
				CB8AACE0198731AA00327D3B /* UIKit.framework in Frameworks */,
				CB8AACDC198731AA00327D3B /* Foundation.framework in Frameworks */,
			);
			runOnlyForDeploymentPostprocessing = 0;
		};
		CB8AACF0198731AA00327D3B /* Frameworks */ = {
			isa = PBXFrameworksBuildPhase;
			buildActionMask = 2147483647;
			files = (
				CB8AACF5198731AA00327D3B /* XCTest.framework in Frameworks */,
				CB8AACF7198731AA00327D3B /* UIKit.framework in Frameworks */,
				CB8AACF6198731AA00327D3B /* Foundation.framework in Frameworks */,
			);
			runOnlyForDeploymentPostprocessing = 0;
		};
/* End PBXFrameworksBuildPhase section */

/* Begin PBXGroup section */
		CB8AACCF198731AA00327D3B = {
			isa = PBXGroup;
			children = (
				CB8AAD12198732FE00327D3B /* images */,
				CB8AACE1198731AA00327D3B /* UIscrollView-demo */,
				CB8AACFA198731AA00327D3B /* UIscrollView-demoTests */,
				CB8AACDA198731AA00327D3B /* Frameworks */,
				CB8AACD9198731AA00327D3B /* Products */,
			);
			sourceTree = "<group>";
		};
		CB8AACD9198731AA00327D3B /* Products */ = {
			isa = PBXGroup;
			children = (
				CB8AACD8198731AA00327D3B /* UIscrollView-demo.app */,
				CB8AACF3198731AA00327D3B /* UIscrollView-demoTests.xctest */,
			);
			name = Products;
			sourceTree = "<group>";
		};
		CB8AACDA198731AA00327D3B /* Frameworks */ = {
			isa = PBXGroup;
			children = (
				CB8AAD0D1987327700327D3B /* QuartzCore.framework */,
				CB8AACDB198731AA00327D3B /* Foundation.framework */,
				CB8AACDD198731AA00327D3B /* CoreGraphics.framework */,
				CB8AACDF198731AA00327D3B /* UIKit.framework */,
				CB8AACF4198731AA00327D3B /* XCTest.framework */,
			);
			name = Frameworks;
			sourceTree = "<group>";
		};
		CB8AACE1198731AA00327D3B /* UIscrollView-demo */ = {
			isa = PBXGroup;
			children = (
				CB8AACEA198731AA00327D3B /* AppDelegate.h */,
				CB8AACEB198731AA00327D3B /* AppDelegate.m */,
				CB8AAD0A198731D100327D3B /* RootViewController.h */,
				CB8AAD0B198731D100327D3B /* RootViewController.m */,
				CB8AAD0F1987329300327D3B /* iCarousel.h */,
				CB8AAD101987329300327D3B /* iCarousel.m */,
				CB8AACED198731AA00327D3B /* Images.xcassets */,
				CB8AACE2198731AA00327D3B /* Supporting Files */,
			);
			path = "UIscrollView-demo";
			sourceTree = "<group>";
		};
		CB8AACE2198731AA00327D3B /* Supporting Files */ = {
			isa = PBXGroup;
			children = (
				CB8AACE3198731AA00327D3B /* UIscrollView-demo-Info.plist */,
				CB8AACE4198731AA00327D3B /* InfoPlist.strings */,
				CB8AACE7198731AA00327D3B /* main.m */,
				CB8AACE9198731AA00327D3B /* UIscrollView-demo-Prefix.pch */,
			);
			name = "Supporting Files";
			sourceTree = "<group>";
		};
		CB8AACFA198731AA00327D3B /* UIscrollView-demoTests */ = {
			isa = PBXGroup;
			children = (
				CB8AAD00198731AA00327D3B /* UIscrollView_demoTests.m */,
				CB8AACFB198731AA00327D3B /* Supporting Files */,
			);
			path = "UIscrollView-demoTests";
			sourceTree = "<group>";
		};
		CB8AACFB198731AA00327D3B /* Supporting Files */ = {
			isa = PBXGroup;
			children = (
				CB8AACFC198731AA00327D3B /* UIscrollView-demoTests-Info.plist */,
				CB8AACFD198731AA00327D3B /* InfoPlist.strings */,
			);
			name = "Supporting Files";
			sourceTree = "<group>";
		};
		CB8AAD12198732FE00327D3B /* images */ = {
			isa = PBXGroup;
			children = (
				CB8AAD13198732FE00327D3B /* 0.jpg */,
				CB8AAD14198732FE00327D3B /* 1.jpg */,
				CB8AAD15198732FE00327D3B /* 2.jpg */,
				CB8AAD16198732FE00327D3B /* 3.jpg */,
				CB8AAD17198732FE00327D3B /* 4.jpg */,
				CB8AAD18198732FE00327D3B /* 5.jpg */,
				CB8AAD19198732FE00327D3B /* 6.jpg */,
				CB8AAD1A198732FE00327D3B /* 7.jpg */,
				CB8AAD1B198732FE00327D3B /* 8.jpg */,
				CB8AAD1C198732FE00327D3B /* 9.jpg */,
			);
			path = images;
			sourceTree = "<group>";
		};
/* End PBXGroup section */

/* Begin PBXNativeTarget section */
		CB8AACD7198731AA00327D3B /* UIscrollView-demo */ = {
			isa = PBXNativeTarget;
			buildConfigurationList = CB8AAD04198731AA00327D3B /* Build configuration list for PBXNativeTarget "UIscrollView-demo" */;
			buildPhases = (
				CB8AACD4198731AA00327D3B /* Sources */,
				CB8AACD5198731AA00327D3B /* Frameworks */,
				CB8AACD6198731AA00327D3B /* Resources */,
			);
			buildRules = (
			);
			dependencies = (
			);
			name = "UIscrollView-demo";
			productName = "UIscrollView-demo";
			productReference = CB8AACD8198731AA00327D3B /* UIscrollView-demo.app */;
			productType = "com.apple.product-type.application";
		};
		CB8AACF2198731AA00327D3B /* UIscrollView-demoTests */ = {
			isa = PBXNativeTarget;
			buildConfigurationList = CB8AAD07198731AA00327D3B /* Build configuration list for PBXNativeTarget "UIscrollView-demoTests" */;
			buildPhases = (
				CB8AACEF198731AA00327D3B /* Sources */,
				CB8AACF0198731AA00327D3B /* Frameworks */,
				CB8AACF1198731AA00327D3B /* Resources */,
			);
			buildRules = (
			);
			dependencies = (
				CB8AACF9198731AA00327D3B /* PBXTargetDependency */,
			);
			name = "UIscrollView-demoTests";
			productName = "UIscrollView-demoTests";
			productReference = CB8AACF3198731AA00327D3B /* UIscrollView-demoTests.xctest */;
			productType = "com.apple.product-type.bundle.unit-test";
		};
/* End PBXNativeTarget section */

/* Begin PBXProject section */
		CB8AACD0198731AA00327D3B /* Project object */ = {
			isa = PBXProject;
			attributes = {
				LastUpgradeCheck = 0510;
				ORGANIZATIONNAME = clark;
				TargetAttributes = {
					CB8AACF2198731AA00327D3B = {
						TestTargetID = CB8AACD7198731AA00327D3B;
					};
				};
			};
			buildConfigurationList = CB8AACD3198731AA00327D3B /* Build configuration list for PBXProject "UIscrollView-demo" */;
			compatibilityVersion = "Xcode 3.2";
			developmentRegion = English;
			hasScannedForEncodings = 0;
			knownRegions = (
				en,
			);
			mainGroup = CB8AACCF198731AA00327D3B;
			productRefGroup = CB8AACD9198731AA00327D3B /* Products */;
			projectDirPath = "";
			projectRoot = "";
			targets = (
				CB8AACD7198731AA00327D3B /* UIscrollView-demo */,
				CB8AACF2198731AA00327D3B /* UIscrollView-demoTests */,
			);
		};
/* End PBXProject section */

/* Begin PBXResourcesBuildPhase section */
		CB8AACD6198731AA00327D3B /* Resources */ = {
			isa = PBXResourcesBuildPhase;
			buildActionMask = 2147483647;
			files = (
				CB8AAD25198732FE00327D3B /* 8.jpg in Resources */,
				CB8AAD23198732FE00327D3B /* 6.jpg in Resources */,
				CB8AAD1D198732FE00327D3B /* 0.jpg in Resources */,
				CB8AAD22198732FE00327D3B /* 5.jpg in Resources */,
				CB8AAD21198732FE00327D3B /* 4.jpg in Resources */,
				CB8AAD1E198732FE00327D3B /* 1.jpg in Resources */,
				CB8AAD1F198732FE00327D3B /* 2.jpg in Resources */,
				CB8AAD20198732FE00327D3B /* 3.jpg in Resources */,
				CB8AAD24198732FE00327D3B /* 7.jpg in Resources */,
				CB8AAD26198732FE00327D3B /* 9.jpg in Resources */,
				CB8AACE6198731AA00327D3B /* InfoPlist.strings in Resources */,
				CB8AACEE198731AA00327D3B /* Images.xcassets in Resources */,
			);
			runOnlyForDeploymentPostprocessing = 0;
		};
		CB8AACF1198731AA00327D3B /* Resources */ = {
			isa = PBXResourcesBuildPhase;
			buildActionMask = 2147483647;
			files = (
				CB8AACFF198731AA00327D3B /* InfoPlist.strings in Resources */,
			);
			runOnlyForDeploymentPostprocessing = 0;
		};
/* End PBXResourcesBuildPhase section */

/* Begin PBXSourcesBuildPhase section */
		CB8AACD4198731AA00327D3B /* Sources */ = {
			isa = PBXSourcesBuildPhase;
			buildActionMask = 2147483647;
			files = (
				CB8AACEC198731AA00327D3B /* AppDelegate.m in Sources */,
				CB8AAD111987329300327D3B /* iCarousel.m in Sources */,
				CB8AACE8198731AA00327D3B /* main.m in Sources */,
				CB8AAD0C198731D100327D3B /* RootViewController.m in Sources */,
			);
			runOnlyForDeploymentPostprocessing = 0;
		};
		CB8AACEF198731AA00327D3B /* Sources */ = {
			isa = PBXSourcesBuildPhase;
			buildActionMask = 2147483647;
			files = (
				CB8AAD01198731AA00327D3B /* UIscrollView_demoTests.m in Sources */,
			);
			runOnlyForDeploymentPostprocessing = 0;
		};
/* End PBXSourcesBuildPhase section */

/* Begin PBXTargetDependency section */
		CB8AACF9198731AA00327D3B /* PBXTargetDependency */ = {
			isa = PBXTargetDependency;
			target = CB8AACD7198731AA00327D3B /* UIscrollView-demo */;
			targetProxy = CB8AACF8198731AA00327D3B /* PBXContainerItemProxy */;
		};
/* End PBXTargetDependency section */

/* Begin PBXVariantGroup section */
		CB8AACE4198731AA00327D3B /* InfoPlist.strings */ = {
			isa = PBXVariantGroup;
			children = (
				CB8AACE5198731AA00327D3B /* en */,
			);
			name = InfoPlist.strings;
			sourceTree = "<group>";
		};
		CB8AACFD198731AA00327D3B /* InfoPlist.strings */ = {
			isa = PBXVariantGroup;
			children = (
				CB8AACFE198731AA00327D3B /* en */,
			);
			name = InfoPlist.strings;
			sourceTree = "<group>";
		};
/* End PBXVariantGroup section */

/* Begin XCBuildConfiguration section */
		CB8AAD02198731AA00327D3B /* Debug */ = {
			isa = XCBuildConfiguration;
			buildSettings = {
				ALWAYS_SEARCH_USER_PATHS = NO;
				CLANG_CXX_LANGUAGE_STANDARD = "gnu++0x";
				CLANG_CXX_LIBRARY = "libc++";
				CLANG_ENABLE_MODULES = YES;
				CLANG_ENABLE_OBJC_ARC = YES;
				CLANG_WARN_BOOL_CONVERSION = YES;
				CLANG_WARN_CONSTANT_CONVERSION = YES;
				CLANG_WARN_DIRECT_OBJC_ISA_USAGE = YES_ERROR;
				CLANG_WARN_EMPTY_BODY = YES;
				CLANG_WARN_ENUM_CONVERSION = YES;
				CLANG_WARN_INT_CONVERSION = YES;
				CLANG_WARN_OBJC_ROOT_CLASS = YES_ERROR;
				CLANG_WARN__DUPLICATE_METHOD_MATCH = YES;
				"CODE_SIGN_IDENTITY[sdk=iphoneos*]" = "iPhone Developer";
				COPY_PHASE_STRIP = NO;
				GCC_C_LANGUAGE_STANDARD = gnu99;
				GCC_DYNAMIC_NO_PIC = NO;
				GCC_OPTIMIZATION_LEVEL = 0;
				GCC_PREPROCESSOR_DEFINITIONS = (
					"DEBUG=1",
					"$(inherited)",
				);
				GCC_SYMBOLS_PRIVATE_EXTERN = NO;
				GCC_WARN_64_TO_32_BIT_CONVERSION = YES;
				GCC_WARN_ABOUT_RETURN_TYPE = YES_ERROR;
				GCC_WARN_UNDECLARED_SELECTOR = YES;
				GCC_WARN_UNINITIALIZED_AUTOS = YES_AGGRESSIVE;
				GCC_WARN_UNUSED_FUNCTION = YES;
				GCC_WARN_UNUSED_VARIABLE = YES;
				IPHONEOS_DEPLOYMENT_TARGET = 7.1;
				ONLY_ACTIVE_ARCH = YES;
				SDKROOT = iphoneos;
			};
			name = Debug;
		};
		CB8AAD03198731AA00327D3B /* Release */ = {
			isa = XCBuildConfiguration;
			buildSettings = {
				ALWAYS_SEARCH_USER_PATHS = NO;
				CLANG_CXX_LANGUAGE_STANDARD = "gnu++0x";
				CLANG_CXX_LIBRARY = "libc++";
				CLANG_ENABLE_MODULES = YES;
				CLANG_ENABLE_OBJC_ARC = YES;
				CLANG_WARN_BOOL_CONVERSION = YES;
				CLANG_WARN_CONSTANT_CONVERSION = YES;
				CLANG_WARN_DIRECT_OBJC_ISA_USAGE = YES_ERROR;
				CLANG_WARN_EMPTY_BODY = YES;
				CLANG_WARN_ENUM_CONVERSION = YES;
				CLANG_WARN_INT_CONVERSION = YES;
				CLANG_WARN_OBJC_ROOT_CLASS = YES_ERROR;
				CLANG_WARN__DUPLICATE_METHOD_MATCH = YES;
				"CODE_SIGN_IDENTITY[sdk=iphoneos*]" = "iPhone Developer";
				COPY_PHASE_STRIP = YES;
				ENABLE_NS_ASSERTIONS = NO;
				GCC_C_LANGUAGE_STANDARD = gnu99;
				GCC_WARN_64_TO_32_BIT_CONVERSION = YES;
				GCC_WARN_ABOUT_RETURN_TYPE = YES_ERROR;
				GCC_WARN_UNDECLARED_SELECTOR = YES;
				GCC_WARN_UNINITIALIZED_AUTOS = YES_AGGRESSIVE;
				GCC_WARN_UNUSED_FUNCTION = YES;
				GCC_WARN_UNUSED_VARIABLE = YES;
				IPHONEOS_DEPLOYMENT_TARGET = 7.1;
				SDKROOT = iphoneos;
				VALIDATE_PRODUCT = YES;
			};
			name = Release;
		};
		CB8AAD05198731AA00327D3B /* Debug */ = {
			isa = XCBuildConfiguration;
			buildSettings = {
				ASSETCATALOG_COMPILER_APPICON_NAME = AppIcon;
				ASSETCATALOG_COMPILER_LAUNCHIMAGE_NAME = LaunchImage;
				GCC_PRECOMPILE_PREFIX_HEADER = YES;
				GCC_PREFIX_HEADER = "UIscrollView-demo/UIscrollView-demo-Prefix.pch";
				INFOPLIST_FILE = "UIscrollView-demo/UIscrollView-demo-Info.plist";
				IPHONEOS_DEPLOYMENT_TARGET = 6.0;
				PRODUCT_NAME = "$(TARGET_NAME)";
				WRAPPER_EXTENSION = app;
			};
			name = Debug;
		};
		CB8AAD06198731AA00327D3B /* Release */ = {
			isa = XCBuildConfiguration;
			buildSettings = {
				ASSETCATALOG_COMPILER_APPICON_NAME = AppIcon;
				ASSETCATALOG_COMPILER_LAUNCHIMAGE_NAME = LaunchImage;
				GCC_PRECOMPILE_PREFIX_HEADER = YES;
				GCC_PREFIX_HEADER = "UIscrollView-demo/UIscrollView-demo-Prefix.pch";
				INFOPLIST_FILE = "UIscrollView-demo/UIscrollView-demo-Info.plist";
				IPHONEOS_DEPLOYMENT_TARGET = 6.0;
				PRODUCT_NAME = "$(TARGET_NAME)";
				WRAPPER_EXTENSION = app;
			};
			name = Release;
		};
		CB8AAD08198731AA00327D3B /* Debug */ = {
			isa = XCBuildConfiguration;
			buildSettings = {
				BUNDLE_LOADER = "$(BUILT_PRODUCTS_DIR)/UIscrollView-demo.app/UIscrollView-demo";
				FRAMEWORK_SEARCH_PATHS = (
					"$(SDKROOT)/Developer/Library/Frameworks",
					"$(inherited)",
					"$(DEVELOPER_FRAMEWORKS_DIR)",
				);
				GCC_PRECOMPILE_PREFIX_HEADER = YES;
				GCC_PREFIX_HEADER = "UIscrollView-demo/UIscrollView-demo-Prefix.pch";
				GCC_PREPROCESSOR_DEFINITIONS = (
					"DEBUG=1",
					"$(inherited)",
				);
				INFOPLIST_FILE = "UIscrollView-demoTests/UIscrollView-demoTests-Info.plist";
				PRODUCT_NAME = "$(TARGET_NAME)";
				TEST_HOST = "$(BUNDLE_LOADER)";
				WRAPPER_EXTENSION = xctest;
			};
			name = Debug;
		};
		CB8AAD09198731AA00327D3B /* Release */ = {
			isa = XCBuildConfiguration;
			buildSettings = {
				BUNDLE_LOADER = "$(BUILT_PRODUCTS_DIR)/UIscrollView-demo.app/UIscrollView-demo";
				FRAMEWORK_SEARCH_PATHS = (
					"$(SDKROOT)/Developer/Library/Frameworks",
					"$(inherited)",
					"$(DEVELOPER_FRAMEWORKS_DIR)",
				);
				GCC_PRECOMPILE_PREFIX_HEADER = YES;
				GCC_PREFIX_HEADER = "UIscrollView-demo/UIscrollView-demo-Prefix.pch";
				INFOPLIST_FILE = "UIscrollView-demoTests/UIscrollView-demoTests-Info.plist";
				PRODUCT_NAME = "$(TARGET_NAME)";
				TEST_HOST = "$(BUNDLE_LOADER)";
				WRAPPER_EXTENSION = xctest;
			};
			name = Release;
		};
/* End XCBuildConfiguration section */

/* Begin XCConfigurationList section */
		CB8AACD3198731AA00327D3B /* Build configuration list for PBXProject "UIscrollView-demo" */ = {
			isa = XCConfigurationList;
			buildConfigurations = (
				CB8AAD02198731AA00327D3B /* Debug */,
				CB8AAD03198731AA00327D3B /* Release */,
			);
			defaultConfigurationIsVisible = 0;
			defaultConfigurationName = Release;
		};
		CB8AAD04198731AA00327D3B /* Build configuration list for PBXNativeTarget "UIscrollView-demo" */ = {
			isa = XCConfigurationList;
			buildConfigurations = (
				CB8AAD05198731AA00327D3B /* Debug */,
				CB8AAD06198731AA00327D3B /* Release */,
			);
			defaultConfigurationIsVisible = 0;
			defaultConfigurationName = Release;
		};
		CB8AAD07198731AA00327D3B /* Build configuration list for PBXNativeTarget "UIscrollView-demoTests" */ = {
			isa = XCConfigurationList;
			buildConfigurations = (
				CB8AAD08198731AA00327D3B /* Debug */,
				CB8AAD09198731AA00327D3B /* Release */,
			);
			defaultConfigurationIsVisible = 0;
			defaultConfigurationName = Release;
		};
/* End XCConfigurationList section */
	};
	rootObject = CB8AACD0198731AA00327D3B /* Project object */;
}
